
Microsoft Visual Studio Solution File, Format Version 12.00
# Visual Studio 14
VisualStudioVersion = 14.0.25420.1
MinimumVisualStudioVersion = 10.0.40219.1
Project("{FAE04EC0-301F-11D3-BF4B-00C04F79EFBC}") = "SLogging", "SLogging\SLogging.csproj", "{57511FD1-15C3-4728-AC6F-496FF2FA462C}"
EndProject
Project("{2150E333-8FDC-42A3-9474-1A3956D46DE8}") = "Nuget", "Nuget", "{D80DF999-7275-4C0A-979E-40A600ADFA5A}"
EndProject
Project("{FF286327-C783-4F7A-AB73-9BCBAD0D4460}") = "SLog", "Nuget\SLog\SLog.nuproj", "{5E420BB7-4545-41BA-8283-BC161CD870F6}"
EndProject
Project("{FAE04EC0-301F-11D3-BF4B-00C04F79EFBC}") = "SLogging.NTest", "SLogging.NTest\SLogging.NTest.csproj", "{8EDF4429-251A-416D-BB68-93F227191BCF}"
EndProject
Global
	GlobalSection(SolutionConfigurationPlatforms) = preSolution
		Debug|Any CPU = Debug|Any CPU
		Release|Any CPU = Release|Any CPU
	EndGlobalSection
	GlobalSection(ProjectConfigurationPlatforms) = postSolution
		{57511FD1-15C3-4728-AC6F-496FF2FA462C}.Debug|Any CPU.ActiveCfg = Debug|Any CPU
		{57511FD1-15C3-4728-AC6F-496FF2FA462C}.Debug|Any CPU.Build.0 = Debug|Any CPU
		{57511FD1-15C3-4728-AC6F-496FF2FA462C}.Release|Any CPU.ActiveCfg = Release|Any CPU
		{57511FD1-15C3-4728-AC6F-496FF2FA462C}.Release|Any CPU.Build.0 = Release|Any CPU
		{5E420BB7-4545-41BA-8283-BC161CD870F6}.Debug|Any CPU.ActiveCfg = Debug|Any CPU
		{5E420BB7-4545-41BA-8283-BC161CD870F6}.Debug|Any CPU.Build.0 = Debug|Any CPU
		{5E420BB7-4545-41BA-8283-BC161CD870F6}.Release|Any CPU.ActiveCfg = Release|Any CPU
		{5E420BB7-4545-41BA-8283-BC161CD870F6}.Release|Any CPU.Build.0 = Release|Any CPU
		{8EDF4429-251A-416D-BB68-93F227191BCF}.Debug|Any CPU.ActiveCfg = Debug|Any CPU
		{8EDF4429-251A-416D-BB68-93F227191BCF}.Debug|Any CPU.Build.0 = Debug|Any CPU
		{8EDF4429-251A-416D-BB68-93F227191BCF}.Release|Any CPU.ActiveCfg = Release|Any CPU
		{8EDF4429-251A-416D-BB68-93F227191BCF}.Release|Any CPU.Build.0 = Release|Any CPU
	EndGlobalSection
	GlobalSection(SolutionProperties) = preSolution
		HideSolutionNode = FALSE
	EndGlobalSection
	GlobalSection(NestedProjects) = preSolution
		{5E420BB7-4545-41BA-8283-BC161CD870F6} = {D80DF999-7275-4C0A-979E-40A600ADFA5A}
	EndGlobalSection
EndGlobal
